
Microsoft Visual Studio Solution File, Format Version 12.00
# Visual Studio Version 16
VisualStudioVersion = 16.0.32126.315
MinimumVisualStudioVersion = 10.0.40219.1
Project("{FAE04EC0-301F-11D3-BF4B-00C04F79EFBC}") = "Test_1", "Test_1.csproj", "{226EC6BB-3CFB-4B0B-8DC8-39847F6DC095}"
EndProject
Project("{FAE04EC0-301F-11D3-BF4B-00C04F79EFBC}") = "DB", "..\DB\DB.csproj", "{33DEB5D6-EA97-4BC4-B3D8-F99963E1AD40}"
EndProject
Project("{FAE04EC0-301F-11D3-BF4B-00C04F79EFBC}") = "Entities", "..\Entities\Entities.csproj", "{2F104B57-BD7B-4DB1-90D8-6E5EEA12BEE4}"
EndProject
Global
	GlobalSection(SolutionConfigurationPlatforms) = preSolution
		Debug|Any CPU = Debug|Any CPU
		Release|Any CPU = Release|Any CPU
	EndGlobalSection
	GlobalSection(ProjectConfigurationPlatforms) = postSolution
		{226EC6BB-3CFB-4B0B-8DC8-39847F6DC095}.Debug|Any CPU.ActiveCfg = Debug|Any CPU
		{226EC6BB-3CFB-4B0B-8DC8-39847F6DC095}.Debug|Any CPU.Build.0 = Debug|Any CPU
		{226EC6BB-3CFB-4B0B-8DC8-39847F6DC095}.Release|Any CPU.ActiveCfg = Release|Any CPU
		{226EC6BB-3CFB-4B0B-8DC8-39847F6DC095}.Release|Any CPU.Build.0 = Release|Any CPU
		{33DEB5D6-EA97-4BC4-B3D8-F99963E1AD40}.Debug|Any CPU.ActiveCfg = Debug|Any CPU
		{33DEB5D6-EA97-4BC4-B3D8-F99963E1AD40}.Debug|Any CPU.Build.0 = Debug|Any CPU
		{33DEB5D6-EA97-4BC4-B3D8-F99963E1AD40}.Release|Any CPU.ActiveCfg = Release|Any CPU
		{33DEB5D6-EA97-4BC4-B3D8-F99963E1AD40}.Release|Any CPU.Build.0 = Release|Any CPU
		{2F104B57-BD7B-4DB1-90D8-6E5EEA12BEE4}.Debug|Any CPU.ActiveCfg = Debug|Any CPU
		{2F104B57-BD7B-4DB1-90D8-6E5EEA12BEE4}.Debug|Any CPU.Build.0 = Debug|Any CPU
		{2F104B57-BD7B-4DB1-90D8-6E5EEA12BEE4}.Release|Any CPU.ActiveCfg = Release|Any CPU
		{2F104B57-BD7B-4DB1-90D8-6E5EEA12BEE4}.Release|Any CPU.Build.0 = Release|Any CPU
	EndGlobalSection
	GlobalSection(SolutionProperties) = preSolution
		HideSolutionNode = FALSE
	EndGlobalSection
	GlobalSection(ExtensibilityGlobals) = postSolution
		SolutionGuid = {0B9BA99A-E425-4540-B0F8-4FC40BE398FF}
	EndGlobalSection
EndGlobal
